// !$*UTF8*$!
{
	archiveVersion = 1;
	classes = {
	};
	objectVersion = 48;
	objects = {

/* Begin PBXBuildFile section */
		1D80BC1D1EEF61E400274068 /* Assets.xcassets in Resources */ = {isa = PBXBuildFile; fileRef = 1D80BC1C1EEF61E400274068 /* Assets.xcassets */; };
		1D80BC201EEF61E400274068 /* LaunchScreen.storyboard in Resources */ = {isa = PBXBuildFile; fileRef = 1D80BC1E1EEF61E400274068 /* LaunchScreen.storyboard */; };
		1D80BC2D1EEF624800274068 /* ViewController.swift in Sources */ = {isa = PBXBuildFile; fileRef = 1D80BC281EEF624800274068 /* ViewController.swift */; };
		1D80BC2E1EEF624800274068 /* CGRect+Extensions.swift in Sources */ = {isa = PBXBuildFile; fileRef = 1D80BC291EEF624800274068 /* CGRect+Extensions.swift */; };
		1D80BC2F1EEF624800274068 /* AppDelegate.swift in Sources */ = {isa = PBXBuildFile; fileRef = 1D80BC2A1EEF624800274068 /* AppDelegate.swift */; };
		1D80BC301EEF624800274068 /* UIHelper.swift in Sources */ = {isa = PBXBuildFile; fileRef = 1D80BC2B1EEF624800274068 /* UIHelper.swift */; };
		1D80BC311EEF624800274068 /* VisionView.swift in Sources */ = {isa = PBXBuildFile; fileRef = 1D80BC2C1EEF624800274068 /* VisionView.swift */; };
		1D80BC341EEF625700274068 /* Main.storyboard in Resources */ = {isa = PBXBuildFile; fileRef = 1D80BC321EEF625700274068 /* Main.storyboard */; };
		1D80BC371EEF627F00274068 /* Resnet50.mlmodel in Sources */ = {isa = PBXBuildFile; fileRef = 1D80BC351EEF627B00274068 /* Resnet50.mlmodel */; };
		1D80BC381EEF627F00274068 /* Inceptionv3.mlmodel in Sources */ = {isa = PBXBuildFile; fileRef = 1D80BC361EEF627F00274068 /* Inceptionv3.mlmodel */; };
/* End PBXBuildFile section */

/* Begin PBXFileReference section */
		1D80BC121EEF61E400274068 /* VisionExample.app */ = {isa = PBXFileReference; explicitFileType = wrapper.application; includeInIndex = 0; path = VisionExample.app; sourceTree = BUILT_PRODUCTS_DIR; };
		1D80BC1C1EEF61E400274068 /* Assets.xcassets */ = {isa = PBXFileReference; lastKnownFileType = folder.assetcatalog; path = Assets.xcassets; sourceTree = "<group>"; };
		1D80BC1F1EEF61E400274068 /* Base */ = {isa = PBXFileReference; lastKnownFileType = file.storyboard; name = Base; path = Base.lproj/LaunchScreen.storyboard; sourceTree = "<group>"; };
		1D80BC211EEF61E400274068 /* Info.plist */ = {isa = PBXFileReference; lastKnownFileType = text.plist.xml; path = Info.plist; sourceTree = "<group>"; };
		1D80BC281EEF624800274068 /* ViewController.swift */ = {isa = PBXFileReference; fileEncoding = 4; lastKnownFileType = sourcecode.swift; name = ViewController.swift; path = ../../../Test/Test/Source/ViewController.swift; sourceTree = "<group>"; };
		1D80BC291EEF624800274068 /* CGRect+Extensions.swift */ = {isa = PBXFileReference; fileEncoding = 4; lastKnownFileType = sourcecode.swift; name = "CGRect+Extensions.swift"; path = "../../../Test/Test/Source/CGRect+Extensions.swift"; sourceTree = "<group>"; };
		1D80BC2A1EEF624800274068 /* AppDelegate.swift */ = {isa = PBXFileReference; fileEncoding = 4; lastKnownFileType = sourcecode.swift; name = AppDelegate.swift; path = ../../../Test/Test/Source/AppDelegate.swift; sourceTree = "<group>"; };
		1D80BC2B1EEF624800274068 /* UIHelper.swift */ = {isa = PBXFileReference; fileEncoding = 4; lastKnownFileType = sourcecode.swift; name = UIHelper.swift; path = ../../../Test/Test/Source/UIHelper.swift; sourceTree = "<group>"; };
		1D80BC2C1EEF624800274068 /* VisionView.swift */ = {isa = PBXFileReference; fileEncoding = 4; lastKnownFileType = sourcecode.swift; name = VisionView.swift; path = ../../../Test/Test/Source/VisionView.swift; sourceTree = "<group>"; };
		1D80BC331EEF625700274068 /* Base */ = {isa = PBXFileReference; lastKnownFileType = file.storyboard; name = Base; path = ../../Test/Test/Base.lproj/Main.storyboard; sourceTree = "<group>"; };
		1D80BC351EEF627B00274068 /* Resnet50.mlmodel */ = {isa = PBXFileReference; lastKnownFileType = file.mlmodel; path = Resnet50.mlmodel; sourceTree = "<group>"; };
		1D80BC361EEF627F00274068 /* Inceptionv3.mlmodel */ = {isa = PBXFileReference; lastKnownFileType = file.mlmodel; path = Inceptionv3.mlmodel; sourceTree = "<group>"; };
/* End PBXFileReference section */

/* Begin PBXFrameworksBuildPhase section */
		1D80BC0F1EEF61E400274068 /* Frameworks */ = {
			isa = PBXFrameworksBuildPhase;
			buildActionMask = 2147483647;
			files = (
			);
			runOnlyForDeploymentPostprocessing = 0;
		};
/* End PBXFrameworksBuildPhase section */

/* Begin PBXGroup section */
		1D80BC091EEF61E400274068 = {
			isa = PBXGroup;
			children = (
				1D80BC141EEF61E400274068 /* VisionExample */,
				1D80BC131EEF61E400274068 /* Products */,
			);
			sourceTree = "<group>";
		};
		1D80BC131EEF61E400274068 /* Products */ = {
			isa = PBXGroup;
			children = (
				1D80BC121EEF61E400274068 /* VisionExample.app */,
			);
			name = Products;
			sourceTree = "<group>";
		};
		1D80BC141EEF61E400274068 /* VisionExample */ = {
			isa = PBXGroup;
			children = (
				1D80BC271EEF622E00274068 /* Source */,
				1DF3718A1EF065F0009A0A01 /* Models */,
				1D80BC1C1EEF61E400274068 /* Assets.xcassets */,
				1D80BC1E1EEF61E400274068 /* LaunchScreen.storyboard */,
				1D80BC321EEF625700274068 /* Main.storyboard */,
				1D80BC211EEF61E400274068 /* Info.plist */,
			);
			path = VisionExample;
			sourceTree = "<group>";
		};
		1D80BC271EEF622E00274068 /* Source */ = {
			isa = PBXGroup;
			children = (
				1D80BC2A1EEF624800274068 /* AppDelegate.swift */,
				1D80BC291EEF624800274068 /* CGRect+Extensions.swift */,
				1D80BC2B1EEF624800274068 /* UIHelper.swift */,
				1D80BC281EEF624800274068 /* ViewController.swift */,
				1D80BC2C1EEF624800274068 /* VisionView.swift */,
			);
			path = Source;
			sourceTree = "<group>";
		};
		1DF3718A1EF065F0009A0A01 /* Models */ = {
			isa = PBXGroup;
			children = (
				1D80BC361EEF627F00274068 /* Inceptionv3.mlmodel */,
				1D80BC351EEF627B00274068 /* Resnet50.mlmodel */,
			);
			path = Models;
			sourceTree = "<group>";
		};
/* End PBXGroup section */

/* Begin PBXNativeTarget section */
		1D80BC111EEF61E400274068 /* VisionExample */ = {
			isa = PBXNativeTarget;
			buildConfigurationList = 1D80BC241EEF61E400274068 /* Build configuration list for PBXNativeTarget "VisionExample" */;
			buildPhases = (
				1D80BC0E1EEF61E400274068 /* Sources */,
				1D80BC0F1EEF61E400274068 /* Frameworks */,
				1D80BC101EEF61E400274068 /* Resources */,
			);
			buildRules = (
			);
			dependencies = (
			);
			name = VisionExample;
			productName = VisionExample;
			productReference = 1D80BC121EEF61E400274068 /* VisionExample.app */;
			productType = "com.apple.product-type.application";
		};
/* End PBXNativeTarget section */

/* Begin PBXProject section */
		1D80BC0A1EEF61E400274068 /* Project object */ = {
			isa = PBXProject;
			attributes = {
				LastSwiftUpdateCheck = 0900;
				LastUpgradeCheck = 0900;
				ORGANIZATIONNAME = "Hetelekides, Stergios";
				TargetAttributes = {
					1D80BC111EEF61E400274068 = {
						CreatedOnToolsVersion = 9.0;
						LastSwiftMigration = 0900;
					};
				};
			};
			buildConfigurationList = 1D80BC0D1EEF61E400274068 /* Build configuration list for PBXProject "VisionExample" */;
			compatibilityVersion = "Xcode 8.0";
			developmentRegion = en;
			hasScannedForEncodings = 0;
			knownRegions = (
				en,
				Base,
			);
			mainGroup = 1D80BC091EEF61E400274068;
			productRefGroup = 1D80BC131EEF61E400274068 /* Products */;
			projectDirPath = "";
			projectRoot = "";
			targets = (
				1D80BC111EEF61E400274068 /* VisionExample */,
			);
		};
/* End PBXProject section */

/* Begin PBXResourcesBuildPhase section */
		1D80BC101EEF61E400274068 /* Resources */ = {
			isa = PBXResourcesBuildPhase;
			buildActionMask = 2147483647;
			files = (
				1D80BC341EEF625700274068 /* Main.storyboard in Resources */,
				1D80BC201EEF61E400274068 /* LaunchScreen.storyboard in Resources */,
				1D80BC1D1EEF61E400274068 /* Assets.xcassets in Resources */,
			);
			runOnlyForDeploymentPostprocessing = 0;
		};
/* End PBXResourcesBuildPhase section */

/* Begin PBXSourcesBuildPhase section */
		1D80BC0E1EEF61E400274068 /* Sources */ = {
			isa = PBXSourcesBuildPhase;
			buildActionMask = 2147483647;
			files = (
				1D80BC2F1EEF624800274068 /* AppDelegate.swift in Sources */,
				1D80BC2D1EEF624800274068 /* ViewController.swift in Sources */,
				1D80BC2E1EEF624800274068 /* CGRect+Extensions.swift in Sources */,
				1D80BC311EEF624800274068 /* VisionView.swift in Sources */,
				1D80BC371EEF627F00274068 /* Resnet50.mlmodel in Sources */,
				1D80BC301EEF624800274068 /* UIHelper.swift in Sources */,
				1D80BC381EEF627F00274068 /* Inceptionv3.mlmodel in Sources */,
			);
			runOnlyForDeploymentPostprocessing = 0;
		};
/* End PBXSourcesBuildPhase section */

/* Begin PBXVariantGroup section */
		1D80BC1E1EEF61E400274068 /* LaunchScreen.storyboard */ = {
			isa = PBXVariantGroup;
			children = (
				1D80BC1F1EEF61E400274068 /* Base */,
			);
			name = LaunchScreen.storyboard;
			sourceTree = "<group>";
		};
		1D80BC321EEF625700274068 /* Main.storyboard */ = {
			isa = PBXVariantGroup;
			children = (
				1D80BC331EEF625700274068 /* Base */,
			);
			name = Main.storyboard;
			sourceTree = "<group>";
		};
/* End PBXVariantGroup section */

/* Begin XCBuildConfiguration section */
		1D80BC221EEF61E400274068 /* Debug */ = {
			isa = XCBuildConfiguration;
			buildSettings = {
				ALWAYS_SEARCH_USER_PATHS = NO;
				CLANG_ANALYZER_NONNULL = YES;
				CLANG_ANALYZER_NUMBER_OBJECT_CONVERSION = YES_AGGRESSIVE;
				CLANG_CXX_LANGUAGE_STANDARD = "gnu++14";
				CLANG_CXX_LIBRARY = "libc++";
				CLANG_ENABLE_MODULES = YES;
				CLANG_ENABLE_OBJC_ARC = YES;
				CLANG_WARN_BLOCK_CAPTURE_AUTORELEASING = YES;
				CLANG_WARN_BOOL_CONVERSION = YES;
				CLANG_WARN_COMMA = YES;
				CLANG_WARN_CONSTANT_CONVERSION = YES;
				CLANG_WARN_DIRECT_OBJC_ISA_USAGE = YES_ERROR;
				CLANG_WARN_DOCUMENTATION_COMMENTS = YES;
				CLANG_WARN_EMPTY_BODY = YES;
				CLANG_WARN_ENUM_CONVERSION = YES;
				CLANG_WARN_INFINITE_RECURSION = YES;
				CLANG_WARN_INT_CONVERSION = YES;
				CLANG_WARN_OBJC_ROOT_CLASS = YES_ERROR;
				CLANG_WARN_RANGE_LOOP_ANALYSIS = YES;
				CLANG_WARN_STRICT_PROTOTYPES = YES;
				CLANG_WARN_SUSPICIOUS_MOVE = YES;
				CLANG_WARN_UNGUARDED_AVAILABILITY = YES_AGGRESSIVE;
				CLANG_WARN_UNREACHABLE_CODE = YES;
				CLANG_WARN__DUPLICATE_METHOD_MATCH = YES;
				CODE_SIGN_IDENTITY = "iPhone Developer";
				COPY_PHASE_STRIP = NO;
				DEBUG_INFORMATION_FORMAT = dwarf;
				ENABLE_STRICT_OBJC_MSGSEND = YES;
				ENABLE_TESTABILITY = YES;
				GCC_C_LANGUAGE_STANDARD = gnu11;
				GCC_DYNAMIC_NO_PIC = NO;
				GCC_NO_COMMON_BLOCKS = YES;
				GCC_OPTIMIZATION_LEVEL = 0;
				GCC_PREPROCESSOR_DEFINITIONS = (
					"DEBUG=1",
					"$(inherited)",
				);
				GCC_WARN_64_TO_32_BIT_CONVERSION = YES;
				GCC_WARN_ABOUT_RETURN_TYPE = YES_ERROR;
				GCC_WARN_UNDECLARED_SELECTOR = YES;
				GCC_WARN_UNINITIALIZED_AUTOS = YES_AGGRESSIVE;
				GCC_WARN_UNUSED_FUNCTION = YES;
				GCC_WARN_UNUSED_VARIABLE = YES;
				IPHONEOS_DEPLOYMENT_TARGET = 11.0;
				MTL_ENABLE_DEBUG_INFO = YES;
				ONLY_ACTIVE_ARCH = YES;
				SDKROOT = iphoneos;
				SWIFT_ACTIVE_COMPILATION_CONDITIONS = DEBUG;
				SWIFT_OPTIMIZATION_LEVEL = "-Onone";
			};
			name = Debug;
		};
		1D80BC231EEF61E400274068 /* Release */ = {
			isa = XCBuildConfiguration;
			buildSettings = {
				ALWAYS_SEARCH_USER_PATHS = NO;
				CLANG_ANALYZER_NONNULL = YES;
				CLANG_ANALYZER_NUMBER_OBJECT_CONVERSION = YES_AGGRESSIVE;
				CLANG_CXX_LANGUAGE_STANDARD = "gnu++14";
				CLANG_CXX_LIBRARY = "libc++";
				CLANG_ENABLE_MODULES = YES;
				CLANG_ENABLE_OBJC_ARC = YES;
				CLANG_WARN_BLOCK_CAPTURE_AUTORELEASING = YES;
				CLANG_WARN_BOOL_CONVERSION = YES;
				CLANG_WARN_COMMA = YES;
				CLANG_WARN_CONSTANT_CONVERSION = YES;
				CLANG_WARN_DIRECT_OBJC_ISA_USAGE = YES_ERROR;
				CLANG_WARN_DOCUMENTATION_COMMENTS = YES;
				CLANG_WARN_EMPTY_BODY = YES;
				CLANG_WARN_ENUM_CONVERSION = YES;
				CLANG_WARN_INFINITE_RECURSION = YES;
				CLANG_WARN_INT_CONVERSION = YES;
				CLANG_WARN_OBJC_ROOT_CLASS = YES_ERROR;
				CLANG_WARN_RANGE_LOOP_ANALYSIS = YES;
				CLANG_WARN_STRICT_PROTOTYPES = YES;
				CLANG_WARN_SUSPICIOUS_MOVE = YES;
				CLANG_WARN_UNGUARDED_AVAILABILITY = YES_AGGRESSIVE;
				CLANG_WARN_UNREACHABLE_CODE = YES;
				CLANG_WARN__DUPLICATE_METHOD_MATCH = YES;
				CODE_SIGN_IDENTITY = "iPhone Developer";
				COPY_PHASE_STRIP = NO;
				DEBUG_INFORMATION_FORMAT = "dwarf-with-dsym";
				ENABLE_NS_ASSERTIONS = NO;
				ENABLE_STRICT_OBJC_MSGSEND = YES;
				GCC_C_LANGUAGE_STANDARD = gnu11;
				GCC_NO_COMMON_BLOCKS = YES;
				GCC_WARN_64_TO_32_BIT_CONVERSION = YES;
				GCC_WARN_ABOUT_RETURN_TYPE = YES_ERROR;
				GCC_WARN_UNDECLARED_SELECTOR = YES;
				GCC_WARN_UNINITIALIZED_AUTOS = YES_AGGRESSIVE;
				GCC_WARN_UNUSED_FUNCTION = YES;
				GCC_WARN_UNUSED_VARIABLE = YES;
				IPHONEOS_DEPLOYMENT_TARGET = 11.0;
				MTL_ENABLE_DEBUG_INFO = NO;
				SDKROOT = iphoneos;
				SWIFT_OPTIMIZATION_LEVEL = "-Owholemodule";
				VALIDATE_PRODUCT = YES;
			};
			name = Release;
		};
		1D80BC251EEF61E400274068 /* Debug */ = {
			isa = XCBuildConfiguration;
			buildSettings = {
				ASSETCATALOG_COMPILER_APPICON_NAME = AppIcon;
				CLANG_ENABLE_MODULES = YES;
				DEVELOPMENT_TEAM = 4WSE28UZ7M;
				INFOPLIST_FILE = VisionExample/Info.plist;
				LD_RUNPATH_SEARCH_PATHS = "$(inherited) @executable_path/Frameworks";
				PRODUCT_BUNDLE_IDENTIFIER = com.hetelek.VisionExample;
				PRODUCT_NAME = "$(TARGET_NAME)";
				SWIFT_OPTIMIZATION_LEVEL = "-Onone";
				SWIFT_VERSION = 4.0;
				TARGETED_DEVICE_FAMILY = "1,2";
			};
			name = Debug;
		};
		1D80BC261EEF61E400274068 /* Release */ = {
			isa = XCBuildConfiguration;
			buildSettings = {
				ASSETCATALOG_COMPILER_APPICON_NAME = AppIcon;
				CLANG_ENABLE_MODULES = YES;
				DEVELOPMENT_TEAM = 4WSE28UZ7M;
				INFOPLIST_FILE = VisionExample/Info.plist;
				LD_RUNPATH_SEARCH_PATHS = "$(inherited) @executable_path/Frameworks";
				PRODUCT_BUNDLE_IDENTIFIER = com.hetelek.VisionExample;
				PRODUCT_NAME = "$(TARGET_NAME)";
				SWIFT_VERSION = 4.0;
				TARGETED_DEVICE_FAMILY = "1,2";
			};
			name = Release;
		};
/* End XCBuildConfiguration section */

/* Begin XCConfigurationList section */
		1D80BC0D1EEF61E400274068 /* Build configuration list for PBXProject "VisionExample" */ = {
			isa = XCConfigurationList;
			buildConfigurations = (
				1D80BC221EEF61E400274068 /* Debug */,
				1D80BC231EEF61E400274068 /* Release */,
			);
			defaultConfigurationIsVisible = 0;
			defaultConfigurationName = Release;
		};
		1D80BC241EEF61E400274068 /* Build configuration list for PBXNativeTarget "VisionExample" */ = {
			isa = XCConfigurationList;
			buildConfigurations = (
				1D80BC251EEF61E400274068 /* Debug */,
				1D80BC261EEF61E400274068 /* Release */,
			);
			defaultConfigurationIsVisible = 0;
			defaultConfigurationName = Release;
		};
/* End XCConfigurationList section */
	};
	rootObject = 1D80BC0A1EEF61E400274068 /* Project object */;
}
